
Microsoft Visual Studio Solution File, Format Version 12.00
# Visual Studio Version 16
VisualStudioVersion = 16.0.31729.503
MinimumVisualStudioVersion = 10.0.40219.1
Project("{FAE04EC0-301F-11D3-BF4B-00C04F79EFBC}") = "QRCodeRenerator", "QRCodeGenerator\QRCodeRenerator\QRCodeRenerator.csproj", "{5A09CC8D-33E8-447C-9F2D-D4FC840CBD7C}"
EndProject
Project("{FAE04EC0-301F-11D3-BF4B-00C04F79EFBC}") = "QRCodePrinter.Test", "QRCodePrinter.Test\QRCodePrinter.Test.csproj", "{4A66EFEA-2747-40B1-BA87-D41C5581FAFE}"
EndProject
Global
	GlobalSection(SolutionConfigurationPlatforms) = preSolution
		Debug|Any CPU = Debug|Any CPU
		Release|Any CPU = Release|Any CPU
	EndGlobalSection
	GlobalSection(ProjectConfigurationPlatforms) = postSolution
		{5A09CC8D-33E8-447C-9F2D-D4FC840CBD7C}.Debug|Any CPU.ActiveCfg = Debug|Any CPU
		{5A09CC8D-33E8-447C-9F2D-D4FC840CBD7C}.Debug|Any CPU.Build.0 = Debug|Any CPU
		{5A09CC8D-33E8-447C-9F2D-D4FC840CBD7C}.Release|Any CPU.ActiveCfg = Release|Any CPU
		{5A09CC8D-33E8-447C-9F2D-D4FC840CBD7C}.Release|Any CPU.Build.0 = Release|Any CPU
		{4A66EFEA-2747-40B1-BA87-D41C5581FAFE}.Debug|Any CPU.ActiveCfg = Debug|Any CPU
		{4A66EFEA-2747-40B1-BA87-D41C5581FAFE}.Debug|Any CPU.Build.0 = Debug|Any CPU
		{4A66EFEA-2747-40B1-BA87-D41C5581FAFE}.Release|Any CPU.ActiveCfg = Release|Any CPU
		{4A66EFEA-2747-40B1-BA87-D41C5581FAFE}.Release|Any CPU.Build.0 = Release|Any CPU
	EndGlobalSection
	GlobalSection(SolutionProperties) = preSolution
		HideSolutionNode = FALSE
	EndGlobalSection
	GlobalSection(ExtensibilityGlobals) = postSolution
		SolutionGuid = {91EFF114-A414-4917-8AFE-E0CBC6E83E17}
	EndGlobalSection
EndGlobal
